
Microsoft Visual Studio Solution File, Format Version 12.00
# Visual Studio 2012
Project("{FAE04EC0-301F-11D3-BF4B-00C04F79EFBC}") = "MarkdownServer", "MarkdownServer\MarkdownServer.csproj", "{3AAEDA90-05EA-45E5-A7A4-4636D66547EC}"
EndProject
Global
	GlobalSection(SolutionConfigurationPlatforms) = preSolution
		Debug|Any CPU = Debug|Any CPU
		Release|Any CPU = Release|Any CPU
	EndGlobalSection
	GlobalSection(ProjectConfigurationPlatforms) = postSolution
		{3AAEDA90-05EA-45E5-A7A4-4636D66547EC}.Debug|Any CPU.ActiveCfg = Debug|Any CPU
		{3AAEDA90-05EA-45E5-A7A4-4636D66547EC}.Debug|Any CPU.Build.0 = Debug|Any CPU
		{3AAEDA90-05EA-45E5-A7A4-4636D66547EC}.Release|Any CPU.ActiveCfg = Release|Any CPU
		{3AAEDA90-05EA-45E5-A7A4-4636D66547EC}.Release|Any CPU.Build.0 = Release|Any CPU
	EndGlobalSection
	GlobalSection(SolutionProperties) = preSolution
		HideSolutionNode = FALSE
	EndGlobalSection
EndGlobal
